{
  "name": "fes-storefront",
  "lockfileVersion": 3,
  "requires": true,
  "packages": {
    "": {
      "name": "fes-storefront",
      "dependencies": {
        "@spryker-oryx/presets": "latest",
        "@spryker-oryx/themes": "latest"
      },
      "devDependencies": {
        "dotenv": "^16.0.0",
        "vite": "^4.0.0",
        "vite-plugin-static-copy": "^0.13.0"
      },
      "engines": {
        "node": ">=18.0.0",
        "npm": ">=9.0.0"
      }
    },
    "node_modules/@esbuild/darwin-arm64": {
      "version": "0.18.20",
      "cpu": [
        "arm64"
      ],
      "dev": true,
      "license": "MIT",
      "optional": true,
      "os": [
        "darwin"
      ],
      "engines": {
        "node": ">=12"
      }
    },
    "node_modules/@lit-labs/router": {
      "version": "0.1.1",
      "license": "BSD-3-Clause",
      "peer": true,
      "dependencies": {
        "lit": "^2.1.0"
      }
    },
    "node_modules/@lit-labs/ssr": {
      "version": "3.1.6",
      "license": "BSD-3-Clause",
      "peer": true,
      "dependencies": {
        "@lit-labs/ssr-client": "^1.1.0",
        "@lit-labs/ssr-dom-shim": "^1.1.0",
        "@lit/reactive-element": "^1.6.0",
        "@parse5/tools": "^0.3.0",
        "@types/node": "^16.0.0",
        "enhanced-resolve": "^5.10.0",
        "lit": "^2.7.0",
        "lit-element": "^3.3.0",
        "lit-html": "^2.7.0",
        "node-fetch": "^3.2.8",
        "parse5": "^7.1.1"
      },
      "engines": {
        "node": ">=13.9.0"
      }
    },
    "node_modules/@lit-labs/ssr-client": {
      "version": "1.1.3",
      "license": "BSD-3-Clause",
      "peer": true,
      "dependencies": {
        "@lit/reactive-element": "^1.0.0",
        "lit": "^2.8.0",
        "lit-html": "^2.8.0"
      }
    },
    "node_modules/@lit-labs/ssr-dom-shim": {
      "version": "1.1.1",
      "license": "BSD-3-Clause",
      "peer": true
    },
    "node_modules/@lit/reactive-element": {
      "version": "1.6.3",
      "license": "BSD-3-Clause",
      "peer": true,
      "dependencies": {
        "@lit-labs/ssr-dom-shim": "^1.0.0"
      }
    },
    "node_modules/@nodelib/fs.scandir": {
      "version": "2.1.5",
      "dev": true,
      "license": "MIT",
      "dependencies": {
        "@nodelib/fs.stat": "2.0.5",
        "run-parallel": "^1.1.9"
      },
      "engines": {
        "node": ">= 8"
      }
    },
    "node_modules/@nodelib/fs.stat": {
      "version": "2.0.5",
      "dev": true,
      "license": "MIT",
      "engines": {
        "node": ">= 8"
      }
    },
    "node_modules/@nodelib/fs.walk": {
      "version": "1.2.8",
      "dev": true,
      "license": "MIT",
      "dependencies": {
        "@nodelib/fs.scandir": "2.1.5",
        "fastq": "^1.6.0"
      },
      "engines": {
        "node": ">= 8"
      }
    },
    "node_modules/@parse5/tools": {
      "version": "0.3.0",
      "license": "MIT",
      "peer": true,
      "dependencies": {
        "parse5": "^7.0.0"
      }
    },
    "node_modules/@spryker-oryx/application": {
      "version": "1.1.0",
      "license": "See license in LICENSE",
      "dependencies": {
        "@spryker-oryx/core": "1.1.0",
        "@spryker-oryx/di": "1.1.0",
        "@spryker-oryx/experience": "1.1.0",
        "@spryker-oryx/router": "1.1.0",
        "@spryker-oryx/ui": "1.1.0",
        "@spryker-oryx/utilities": "1.1.0",
        "@webcomponents/template-shadowroot": "^0.1.0",
        "abort-controller": "^3.0.0",
        "express": "^4.17.1",
        "url-join": "^5.0.0",
        "workbox-core": "^6.5.4",
        "workbox-precaching": "^6.5.4"
      },
      "peerDependencies": {
        "@lit-labs/router": "^0.1.1",
        "@lit-labs/ssr": "^3.0.1",
        "@lit-labs/ssr-client": "^1.1.1",
        "lit": "^2.4.0",
        "rxjs": "^7.5.0",
        "tslib": "^2.4.0"
      }
    },
    "node_modules/@spryker-oryx/auth": {
      "version": "1.1.0",
      "license": "See license in LICENSE",
      "dependencies": {
        "@spryker-oryx/core": "1.1.0",
        "@spryker-oryx/di": "1.1.0",
        "@spryker-oryx/experience": "1.1.0",
        "@spryker-oryx/i18n": "1.1.0",
        "@spryker-oryx/router": "1.1.0",
        "@spryker-oryx/ui": "1.1.0",
        "@spryker-oryx/utilities": "1.1.0",
        "oauth4webapi": "^2.1.0"
      },
      "peerDependencies": {
        "lit": "^2.4.0",
        "rxjs": "7.5.6",
        "tslib": "^2.4.1"
      }
    },
    "node_modules/@spryker-oryx/cart": {
      "version": "1.1.0",
      "license": "See license in LICENSE",
      "dependencies": {
        "@spryker-oryx/auth": "1.1.0",
        "@spryker-oryx/core": "1.1.0",
        "@spryker-oryx/di": "1.1.0",
        "@spryker-oryx/experience": "1.1.0",
        "@spryker-oryx/product": "1.1.0",
        "@spryker-oryx/router": "1.1.0",
        "@spryker-oryx/site": "1.1.0",
        "@spryker-oryx/ui": "1.1.0",
        "@spryker-oryx/utilities": "1.1.0"
      },
      "peerDependencies": {
        "lit": "^2.4.0",
        "rxjs": "^7.5.0",
        "tslib": "^2.4.0"
      }
    },
    "node_modules/@spryker-oryx/checkout": {
      "version": "1.1.0",
      "license": "See license in LICENSE",
      "dependencies": {
        "@spryker-oryx/auth": "1.1.0",
        "@spryker-oryx/cart": "1.1.0",
        "@spryker-oryx/content": "1.1.0",
        "@spryker-oryx/core": "1.1.0",
        "@spryker-oryx/di": "1.1.0",
        "@spryker-oryx/experience": "1.1.0",
        "@spryker-oryx/order": "1.1.0",
        "@spryker-oryx/router": "1.1.0",
        "@spryker-oryx/site": "1.1.0",
        "@spryker-oryx/ui": "1.1.0",
        "@spryker-oryx/user": "1.1.0",
        "@spryker-oryx/utilities": "1.1.0"
      },
      "peerDependencies": {
        "lit": "^2.4.0",
        "rxjs": "^7.5.0",
        "tslib": "^2.4.0"
      }
    },
    "node_modules/@spryker-oryx/content": {
      "version": "1.1.0",
      "license": "See license in LICENSE",
      "dependencies": {
        "@spryker-oryx/core": "1.1.0",
        "@spryker-oryx/di": "1.1.0",
        "@spryker-oryx/experience": "1.1.0",
        "@spryker-oryx/product": "1.1.0",
        "@spryker-oryx/router": "1.1.0",
        "@spryker-oryx/site": "1.1.0",
        "@spryker-oryx/utilities": "1.1.0"
      },
      "peerDependencies": {
        "lit": "^2.4.0",
        "rxjs": "^7.5.0",
        "tslib": "^2.4.0"
      }
    },
    "node_modules/@spryker-oryx/core": {
      "version": "1.1.0",
      "license": "See license in LICENSE",
      "dependencies": {
        "@spryker-oryx/di": "1.1.0",
        "@spryker-oryx/utilities": "1.1.0",
        "jsonapi-serializer": "~3.6.7"
      },
      "peerDependencies": {
        "lit": "^2.4.0",
        "rxjs": "^7.5.0",
        "tslib": "^2.4.0"
      }
    },
    "node_modules/@spryker-oryx/di": {
      "version": "1.1.0",
      "license": "See license in LICENSE"
    },
    "node_modules/@spryker-oryx/experience": {
      "version": "1.1.0",
      "license": "See license in LICENSE",
      "dependencies": {
        "@spryker-oryx/core": "1.1.0",
        "@spryker-oryx/di": "1.1.0",
        "@spryker-oryx/router": "1.1.0",
        "@spryker-oryx/ui": "1.1.0",
        "@spryker-oryx/utilities": "1.1.0"
      },
      "peerDependencies": {
        "lit": "^2.4.0",
        "rxjs": "^7.5.0",
        "tslib": "^2.4.0",
        "urlpattern-polyfill": "~4.0.3"
      }
    },
    "node_modules/@spryker-oryx/form": {
      "version": "1.1.0",
      "license": "See license in LICENSE",
      "dependencies": {
        "@spryker-oryx/core": "1.1.0",
        "@spryker-oryx/di": "1.1.0",
        "@spryker-oryx/ui": "1.1.0",
        "@spryker-oryx/utilities": "1.1.0"
      },
      "peerDependencies": {
        "lit": "^2.4.0",
        "tslib": "^2.4.0"
      }
    },
    "node_modules/@spryker-oryx/i18n": {
      "version": "1.1.0",
      "license": "See license in LICENSE",
      "dependencies": {
        "@spryker-oryx/core": "1.1.0",
        "@spryker-oryx/di": "1.1.0",
        "@spryker-oryx/utilities": "1.1.0",
        "globalize": "^1.7.0"
      },
      "peerDependencies": {
        "cldr-data": "^36.0.1",
        "lit": "^2.4.0",
        "rxjs": "^7.5.0",
        "tslib": "^2.4.0"
      }
    },
    "node_modules/@spryker-oryx/indexed-db": {
      "version": "1.1.0",
      "license": "See license in LICENSE",
      "dependencies": {
        "@spryker-oryx/core": "1.1.0",
        "@spryker-oryx/di": "1.1.0",
        "@spryker-oryx/utilities": "1.1.0",
        "dexie": "^3.2.2"
      },
      "peerDependencies": {
        "rxjs": "7.5.6",
        "tslib": "^2.4.1"
      }
    },
    "node_modules/@spryker-oryx/offline": {
      "version": "1.1.0",
      "license": "See license in LICENSE",
      "dependencies": {
        "@spryker-oryx/core": "1.1.0",
        "@spryker-oryx/di": "1.1.0",
        "@spryker-oryx/indexed-db": "1.1.0",
        "@spryker-oryx/utilities": "1.1.0"
      },
      "peerDependencies": {
        "dexie": "^3.2.2",
        "rxjs": "7.5.6",
        "tslib": "^2.4.1"
      }
    },
    "node_modules/@spryker-oryx/order": {
      "version": "1.1.0",
      "license": "See license in LICENSE",
      "dependencies": {
        "@spryker-oryx/auth": "1.1.0",
        "@spryker-oryx/cart": "1.1.0",
        "@spryker-oryx/core": "1.1.0",
        "@spryker-oryx/di": "1.1.0",
        "@spryker-oryx/experience": "1.1.0",
        "@spryker-oryx/router": "1.1.0",
        "@spryker-oryx/site": "1.1.0",
        "@spryker-oryx/ui": "1.1.0",
        "@spryker-oryx/utilities": "1.1.0"
      },
      "peerDependencies": {
        "lit": "^2.4.0",
        "rxjs": "^7.5.0",
        "tslib": "^2.4.0"
      }
    },
    "node_modules/@spryker-oryx/presets": {
      "version": "1.1.0",
      "resolved": "https://registry.npmjs.org/@spryker-oryx/presets/-/presets-1.1.0.tgz",
      "integrity": "sha512-xFByY19JqVhOpzhRKibi15H9HkT40Vvd9SHix6fIDUNJKcPIoS7GX13L6QdyRyMJBZuc3FmFMR0C8Kadl+vlew==",
      "dependencies": {
        "@spryker-oryx/application": "1.1.0",
        "@spryker-oryx/auth": "1.1.0",
        "@spryker-oryx/cart": "1.1.0",
        "@spryker-oryx/checkout": "1.1.0",
        "@spryker-oryx/content": "1.1.0",
        "@spryker-oryx/core": "1.1.0",
        "@spryker-oryx/di": "1.1.0",
        "@spryker-oryx/experience": "1.1.0",
        "@spryker-oryx/form": "1.1.0",
        "@spryker-oryx/i18n": "1.1.0",
        "@spryker-oryx/indexed-db": "1.1.0",
        "@spryker-oryx/offline": "1.1.0",
        "@spryker-oryx/order": "1.1.0",
        "@spryker-oryx/product": "1.1.0",
        "@spryker-oryx/push-notification": "1.1.0",
        "@spryker-oryx/resources": "1.1.0",
        "@spryker-oryx/router": "1.1.0",
        "@spryker-oryx/search": "1.1.0",
        "@spryker-oryx/site": "1.1.0",
        "@spryker-oryx/ui": "1.1.0",
        "@spryker-oryx/user": "1.1.0"
      },
      "peerDependencies": {
        "lit": "^2.4.0",
        "tslib": "^2.4.0",
        "urlpattern-polyfill": "~4.0.3"
      }
    },
    "node_modules/@spryker-oryx/product": {
      "version": "1.1.0",
      "license": "See license in LICENSE",
      "dependencies": {
        "@spryker-oryx/core": "1.1.0",
        "@spryker-oryx/di": "1.1.0",
        "@spryker-oryx/experience": "1.1.0",
        "@spryker-oryx/router": "1.1.0",
        "@spryker-oryx/site": "1.1.0",
        "@spryker-oryx/ui": "1.1.0",
        "@spryker-oryx/utilities": "1.1.0"
      },
      "peerDependencies": {
        "lit": "^2.4.0",
        "rxjs": "^7.5.0",
        "tslib": "^2.4.0"
      }
    },
    "node_modules/@spryker-oryx/push-notification": {
      "version": "1.1.0",
      "license": "See license in LICENSE",
      "dependencies": {
        "@spryker-oryx/core": "1.1.0",
        "@spryker-oryx/di": "1.1.0",
        "@spryker-oryx/utilities": "1.1.0"
      },
      "peerDependencies": {
        "dexie": "^3.2.2",
        "lit": "^2.4.0",
        "rxjs": "^7.5.6",
        "tslib": "^2.4.1"
      }
    },
    "node_modules/@spryker-oryx/resources": {
      "version": "1.1.0",
      "license": "See license in LICENSE",
      "dependencies": {
        "@spryker-oryx/experience": "1.1.0",
        "@spryker-oryx/ui": "1.1.0"
      }
    },
    "node_modules/@spryker-oryx/router": {
      "version": "1.1.0",
      "license": "See license in LICENSE",
      "dependencies": {
        "@spryker-oryx/core": "1.1.0",
        "@spryker-oryx/di": "1.1.0",
        "@spryker-oryx/utilities": "1.1.0"
      },
      "peerDependencies": {
        "@lit-labs/router": "^0.1.1",
        "@lit-labs/ssr": "^3.0.1",
        "lit": "^2.4.0",
        "rxjs": "7.5.6",
        "tslib": "^2.4.1"
      },
      "peerDependenciesMeta": {
        "@lit-labs/router": {
          "optional": true
        },
        "@lit-labs/ssr": {
          "optional": true
        },
        "lit": {
          "optional": true
        }
      }
    },
    "node_modules/@spryker-oryx/search": {
      "version": "1.1.0",
      "license": "See license in LICENSE",
      "dependencies": {
        "@spryker-oryx/content": "1.1.0",
        "@spryker-oryx/core": "1.1.0",
        "@spryker-oryx/di": "1.1.0",
        "@spryker-oryx/experience": "1.1.0",
        "@spryker-oryx/product": "1.1.0",
        "@spryker-oryx/router": "1.1.0",
        "@spryker-oryx/site": "1.1.0",
        "@spryker-oryx/ui": "1.1.0",
        "@spryker-oryx/utilities": "1.1.0"
      }
    },
    "node_modules/@spryker-oryx/site": {
      "version": "1.1.0",
      "license": "See license in LICENSE",
      "dependencies": {
        "@spryker-oryx/core": "1.1.0",
        "@spryker-oryx/di": "1.1.0",
        "@spryker-oryx/experience": "1.1.0",
        "@spryker-oryx/router": "1.1.0",
        "@spryker-oryx/ui": "1.1.0",
        "@spryker-oryx/utilities": "1.1.0"
      },
      "peerDependencies": {
        "lit": "^2.4.0",
        "rxjs": "^7.5.0",
        "tslib": "^2.4.0"
      }
    },
    "node_modules/@spryker-oryx/themes": {
      "version": "1.1.0",
      "resolved": "https://registry.npmjs.org/@spryker-oryx/themes/-/themes-1.1.0.tgz",
      "integrity": "sha512-62UYU7jtXT6zC7ctywCl+++fQzenztMMC6uzQgGJNaTqqGsPoCn1hBfhNoOI1V8Q4VY4NFbkRQ/veFFzxujMvg==",
      "dependencies": {
        "@spryker-oryx/experience": "1.1.0",
        "@spryker-oryx/resources": "1.1.0",
        "@spryker-oryx/ui": "1.1.0",
        "@spryker-oryx/utilities": "1.1.0"
      }
    },
    "node_modules/@spryker-oryx/ui": {
      "version": "1.1.0",
      "license": "See license in LICENSE",
      "dependencies": {
        "@spryker-oryx/utilities": "1.1.0"
      },
      "peerDependencies": {
        "lit": "^2.4.0",
        "tslib": "^2.4.0"
      }
    },
    "node_modules/@spryker-oryx/user": {
      "version": "1.1.0",
      "license": "See license in LICENSE",
      "dependencies": {
        "@spryker-oryx/auth": "1.1.0",
        "@spryker-oryx/core": "1.1.0",
        "@spryker-oryx/di": "1.1.0",
        "@spryker-oryx/experience": "1.1.0",
        "@spryker-oryx/form": "1.1.0",
        "@spryker-oryx/router": "1.1.0",
        "@spryker-oryx/site": "1.1.0",
        "@spryker-oryx/ui": "1.1.0",
        "@spryker-oryx/utilities": "1.1.0"
      },
      "peerDependencies": {
        "lit": "^2.4.0",
        "rxjs": "^7.5.0",
        "tslib": "^2.4.0"
      }
    },
    "node_modules/@spryker-oryx/utilities": {
      "version": "1.1.0",
      "license": "See license in LICENSE",
      "dependencies": {
        "@spryker-oryx/di": "1.1.0",
        "css-convert-json": "^1.1.0"
      },
      "peerDependencies": {
        "lit": "^2.4.0",
        "rxjs": "^7.5.0",
        "tslib": "^2.4.0"
      }
    },
    "node_modules/@types/node": {
      "version": "16.18.53",
      "license": "MIT",
      "peer": true
    },
    "node_modules/@types/trusted-types": {
      "version": "2.0.4",
      "license": "MIT",
      "peer": true
    },
    "node_modules/@webcomponents/template-shadowroot": {
      "version": "0.1.0",
      "license": "BSD-3-Clause"
    },
    "node_modules/abbrev": {
      "version": "1.1.1",
      "license": "ISC",
      "peer": true
    },
    "node_modules/abort-controller": {
      "version": "3.0.0",
      "license": "MIT",
      "dependencies": {
        "event-target-shim": "^5.0.0"
      },
      "engines": {
        "node": ">=6.5"
      }
    },
    "node_modules/accepts": {
      "version": "1.3.8",
      "license": "MIT",
      "dependencies": {
        "mime-types": "~2.1.34",
        "negotiator": "0.6.3"
      },
      "engines": {
        "node": ">= 0.6"
      }
    },
    "node_modules/anymatch": {
      "version": "3.1.3",
      "dev": true,
      "license": "ISC",
      "dependencies": {
        "normalize-path": "^3.0.0",
        "picomatch": "^2.0.4"
      },
      "engines": {
        "node": ">= 8"
      }
    },
    "node_modules/array-flatten": {
      "version": "1.1.1",
      "license": "MIT"
    },
    "node_modules/axios": {
      "version": "0.26.1",
      "license": "MIT",
      "peer": true,
      "dependencies": {
        "follow-redirects": "^1.14.8"
      }
    },
    "node_modules/balanced-match": {
      "version": "1.0.2",
      "license": "MIT",
      "peer": true
    },
    "node_modules/binary-extensions": {
      "version": "2.2.0",
      "dev": true,
      "license": "MIT",
      "engines": {
        "node": ">=8"
      }
    },
    "node_modules/body-parser": {
      "version": "1.20.1",
      "license": "MIT",
      "dependencies": {
        "bytes": "3.1.2",
        "content-type": "~1.0.4",
        "debug": "2.6.9",
        "depd": "2.0.0",
        "destroy": "1.2.0",
        "http-errors": "2.0.0",
        "iconv-lite": "0.4.24",
        "on-finished": "2.4.1",
        "qs": "6.11.0",
        "raw-body": "2.5.1",
        "type-is": "~1.6.18",
        "unpipe": "1.0.0"
      },
      "engines": {
        "node": ">= 0.8",
        "npm": "1.2.8000 || >= 1.4.16"
      }
    },
    "node_modules/brace-expansion": {
      "version": "1.1.11",
      "license": "MIT",
      "peer": true,
      "dependencies": {
        "balanced-match": "^1.0.0",
        "concat-map": "0.0.1"
      }
    },
    "node_modules/braces": {
      "version": "3.0.2",
      "dev": true,
      "license": "MIT",
      "dependencies": {
        "fill-range": "^7.0.1"
      },
      "engines": {
        "node": ">=8"
      }
    },
    "node_modules/buffer-crc32": {
      "version": "0.2.13",
      "license": "MIT",
      "peer": true,
      "engines": {
        "node": "*"
      }
    },
    "node_modules/bytes": {
      "version": "3.1.2",
      "license": "MIT",
      "engines": {
        "node": ">= 0.8"
      }
    },
    "node_modules/call-bind": {
      "version": "1.0.2",
      "license": "MIT",
      "dependencies": {
        "function-bind": "^1.1.1",
        "get-intrinsic": "^1.0.2"
      },
      "funding": {
        "url": "https://github.com/sponsors/ljharb"
      }
    },
    "node_modules/chokidar": {
      "version": "3.5.3",
      "dev": true,
      "funding": [
        {
          "type": "individual",
          "url": "https://paulmillr.com/funding/"
        }
      ],
      "license": "MIT",
      "dependencies": {
        "anymatch": "~3.1.2",
        "braces": "~3.0.2",
        "glob-parent": "~5.1.2",
        "is-binary-path": "~2.1.0",
        "is-glob": "~4.0.1",
        "normalize-path": "~3.0.0",
        "readdirp": "~3.6.0"
      },
      "engines": {
        "node": ">= 8.10.0"
      },
      "optionalDependencies": {
        "fsevents": "~2.3.2"
      }
    },
    "node_modules/cldr-data": {
      "version": "36.0.1",
      "hasInstallScript": true,
      "peer": true,
      "dependencies": {
        "cldr-data-downloader": "1.0.0-1",
        "glob": "5.x.x"
      }
    },
    "node_modules/cldr-data-downloader": {
      "version": "1.0.0-1",
      "peer": true,
      "dependencies": {
        "axios": "^0.26.0",
        "mkdirp": "0.5.5",
        "nopt": "3.0.x",
        "q": "1.0.1",
        "yauzl": "^2.10.0"
      },
      "bin": {
        "cldr-data-downloader": "bin/download.sh"
      }
    },
    "node_modules/cldrjs": {
      "version": "0.5.5"
    },
    "node_modules/concat-map": {
      "version": "0.0.1",
      "license": "MIT",
      "peer": true
    },
    "node_modules/content-disposition": {
      "version": "0.5.4",
      "license": "MIT",
      "dependencies": {
        "safe-buffer": "5.2.1"
      },
      "engines": {
        "node": ">= 0.6"
      }
    },
    "node_modules/content-type": {
      "version": "1.0.5",
      "license": "MIT",
      "engines": {
        "node": ">= 0.6"
      }
    },
    "node_modules/cookie": {
      "version": "0.5.0",
      "license": "MIT",
      "engines": {
        "node": ">= 0.6"
      }
    },
    "node_modules/cookie-signature": {
      "version": "1.0.6",
      "license": "MIT"
    },
    "node_modules/css-convert-json": {
      "version": "1.1.0",
      "license": "MIT"
    },
    "node_modules/data-uri-to-buffer": {
      "version": "4.0.1",
      "license": "MIT",
      "peer": true,
      "engines": {
        "node": ">= 12"
      }
    },
    "node_modules/debug": {
      "version": "2.6.9",
      "license": "MIT",
      "dependencies": {
        "ms": "2.0.0"
      }
    },
    "node_modules/depd": {
      "version": "2.0.0",
      "license": "MIT",
      "engines": {
        "node": ">= 0.8"
      }
    },
    "node_modules/destroy": {
      "version": "1.2.0",
      "license": "MIT",
      "engines": {
        "node": ">= 0.8",
        "npm": "1.2.8000 || >= 1.4.16"
      }
    },
    "node_modules/dexie": {
      "version": "3.2.4",
      "license": "Apache-2.0",
      "engines": {
        "node": ">=6.0"
      }
    },
    "node_modules/dotenv": {
      "version": "16.3.1",
      "dev": true,
      "license": "BSD-2-Clause",
      "engines": {
        "node": ">=12"
      },
      "funding": {
        "url": "https://github.com/motdotla/dotenv?sponsor=1"
      }
    },
    "node_modules/ee-first": {
      "version": "1.1.1",
      "license": "MIT"
    },
    "node_modules/encodeurl": {
      "version": "1.0.2",
      "license": "MIT",
      "engines": {
        "node": ">= 0.8"
      }
    },
    "node_modules/enhanced-resolve": {
      "version": "5.15.0",
      "license": "MIT",
      "peer": true,
      "dependencies": {
        "graceful-fs": "^4.2.4",
        "tapable": "^2.2.0"
      },
      "engines": {
        "node": ">=10.13.0"
      }
    },
    "node_modules/entities": {
      "version": "4.5.0",
      "license": "BSD-2-Clause",
      "peer": true,
      "engines": {
        "node": ">=0.12"
      },
      "funding": {
        "url": "https://github.com/fb55/entities?sponsor=1"
      }
    },
    "node_modules/esbuild": {
      "version": "0.18.20",
      "dev": true,
      "hasInstallScript": true,
      "license": "MIT",
      "bin": {
        "esbuild": "bin/esbuild"
      },
      "engines": {
        "node": ">=12"
      },
      "optionalDependencies": {
        "@esbuild/android-arm": "0.18.20",
        "@esbuild/android-arm64": "0.18.20",
        "@esbuild/android-x64": "0.18.20",
        "@esbuild/darwin-arm64": "0.18.20",
        "@esbuild/darwin-x64": "0.18.20",
        "@esbuild/freebsd-arm64": "0.18.20",
        "@esbuild/freebsd-x64": "0.18.20",
        "@esbuild/linux-arm": "0.18.20",
        "@esbuild/linux-arm64": "0.18.20",
        "@esbuild/linux-ia32": "0.18.20",
        "@esbuild/linux-loong64": "0.18.20",
        "@esbuild/linux-mips64el": "0.18.20",
        "@esbuild/linux-ppc64": "0.18.20",
        "@esbuild/linux-riscv64": "0.18.20",
        "@esbuild/linux-s390x": "0.18.20",
        "@esbuild/linux-x64": "0.18.20",
        "@esbuild/netbsd-x64": "0.18.20",
        "@esbuild/openbsd-x64": "0.18.20",
        "@esbuild/sunos-x64": "0.18.20",
        "@esbuild/win32-arm64": "0.18.20",
        "@esbuild/win32-ia32": "0.18.20",
        "@esbuild/win32-x64": "0.18.20"
      }
    },
    "node_modules/escape-html": {
      "version": "1.0.3",
      "license": "MIT"
    },
    "node_modules/etag": {
      "version": "1.8.1",
      "license": "MIT",
      "engines": {
        "node": ">= 0.6"
      }
    },
    "node_modules/event-target-shim": {
      "version": "5.0.1",
      "license": "MIT",
      "engines": {
        "node": ">=6"
      }
    },
    "node_modules/express": {
      "version": "4.18.2",
      "license": "MIT",
      "dependencies": {
        "accepts": "~1.3.8",
        "array-flatten": "1.1.1",
        "body-parser": "1.20.1",
        "content-disposition": "0.5.4",
        "content-type": "~1.0.4",
        "cookie": "0.5.0",
        "cookie-signature": "1.0.6",
        "debug": "2.6.9",
        "depd": "2.0.0",
        "encodeurl": "~1.0.2",
        "escape-html": "~1.0.3",
        "etag": "~1.8.1",
        "finalhandler": "1.2.0",
        "fresh": "0.5.2",
        "http-errors": "2.0.0",
        "merge-descriptors": "1.0.1",
        "methods": "~1.1.2",
        "on-finished": "2.4.1",
        "parseurl": "~1.3.3",
        "path-to-regexp": "0.1.7",
        "proxy-addr": "~2.0.7",
        "qs": "6.11.0",
        "range-parser": "~1.2.1",
        "safe-buffer": "5.2.1",
        "send": "0.18.0",
        "serve-static": "1.15.0",
        "setprototypeof": "1.2.0",
        "statuses": "2.0.1",
        "type-is": "~1.6.18",
        "utils-merge": "1.0.1",
        "vary": "~1.1.2"
      },
      "engines": {
        "node": ">= 0.10.0"
      }
    },
    "node_modules/fast-glob": {
      "version": "3.3.1",
      "dev": true,
      "license": "MIT",
      "dependencies": {
        "@nodelib/fs.stat": "^2.0.2",
        "@nodelib/fs.walk": "^1.2.3",
        "glob-parent": "^5.1.2",
        "merge2": "^1.3.0",
        "micromatch": "^4.0.4"
      },
      "engines": {
        "node": ">=8.6.0"
      }
    },
    "node_modules/fastq": {
      "version": "1.15.0",
      "dev": true,
      "license": "ISC",
      "dependencies": {
        "reusify": "^1.0.4"
      }
    },
    "node_modules/fd-slicer": {
      "version": "1.1.0",
      "license": "MIT",
      "peer": true,
      "dependencies": {
        "pend": "~1.2.0"
      }
    },
    "node_modules/fetch-blob": {
      "version": "3.2.0",
      "funding": [
        {
          "type": "github",
          "url": "https://github.com/sponsors/jimmywarting"
        },
        {
          "type": "paypal",
          "url": "https://paypal.me/jimmywarting"
        }
      ],
      "license": "MIT",
      "peer": true,
      "dependencies": {
        "node-domexception": "^1.0.0",
        "web-streams-polyfill": "^3.0.3"
      },
      "engines": {
        "node": "^12.20 || >= 14.13"
      }
    },
    "node_modules/fill-range": {
      "version": "7.0.1",
      "dev": true,
      "license": "MIT",
      "dependencies": {
        "to-regex-range": "^5.0.1"
      },
      "engines": {
        "node": ">=8"
      }
    },
    "node_modules/finalhandler": {
      "version": "1.2.0",
      "license": "MIT",
      "dependencies": {
        "debug": "2.6.9",
        "encodeurl": "~1.0.2",
        "escape-html": "~1.0.3",
        "on-finished": "2.4.1",
        "parseurl": "~1.3.3",
        "statuses": "2.0.1",
        "unpipe": "~1.0.0"
      },
      "engines": {
        "node": ">= 0.8"
      }
    },
    "node_modules/follow-redirects": {
      "version": "1.15.3",
      "funding": [
        {
          "type": "individual",
          "url": "https://github.com/sponsors/RubenVerborgh"
        }
      ],
      "license": "MIT",
      "peer": true,
      "engines": {
        "node": ">=4.0"
      },
      "peerDependenciesMeta": {
        "debug": {
          "optional": true
        }
      }
    },
    "node_modules/formdata-polyfill": {
      "version": "4.0.10",
      "license": "MIT",
      "peer": true,
      "dependencies": {
        "fetch-blob": "^3.1.2"
      },
      "engines": {
        "node": ">=12.20.0"
      }
    },
    "node_modules/forwarded": {
      "version": "0.2.0",
      "license": "MIT",
      "engines": {
        "node": ">= 0.6"
      }
    },
    "node_modules/fresh": {
      "version": "0.5.2",
      "license": "MIT",
      "engines": {
        "node": ">= 0.6"
      }
    },
    "node_modules/fs-extra": {
      "version": "11.1.1",
      "dev": true,
      "license": "MIT",
      "dependencies": {
        "graceful-fs": "^4.2.0",
        "jsonfile": "^6.0.1",
        "universalify": "^2.0.0"
      },
      "engines": {
        "node": ">=14.14"
      }
    },
    "node_modules/fsevents": {
      "version": "2.3.3",
      "dev": true,
      "license": "MIT",
      "optional": true,
      "os": [
        "darwin"
      ],
      "engines": {
        "node": "^8.16.0 || ^10.6.0 || >=11.0.0"
      }
    },
    "node_modules/function-bind": {
      "version": "1.1.1",
      "license": "MIT"
    },
    "node_modules/get-intrinsic": {
      "version": "1.2.1",
      "license": "MIT",
      "dependencies": {
        "function-bind": "^1.1.1",
        "has": "^1.0.3",
        "has-proto": "^1.0.1",
        "has-symbols": "^1.0.3"
      },
      "funding": {
        "url": "https://github.com/sponsors/ljharb"
      }
    },
    "node_modules/glob": {
      "version": "5.0.15",
      "license": "ISC",
      "peer": true,
      "dependencies": {
        "inflight": "^1.0.4",
        "inherits": "2",
        "minimatch": "2 || 3",
        "once": "^1.3.0",
        "path-is-absolute": "^1.0.0"
      },
      "engines": {
        "node": "*"
      }
    },
    "node_modules/glob-parent": {
      "version": "5.1.2",
      "dev": true,
      "license": "ISC",
      "dependencies": {
        "is-glob": "^4.0.1"
      },
      "engines": {
        "node": ">= 6"
      }
    },
    "node_modules/globalize": {
      "version": "1.7.0",
      "license": "MIT",
      "dependencies": {
        "cldrjs": "^0.5.4"
      }
    },
    "node_modules/graceful-fs": {
      "version": "4.2.11",
      "license": "ISC"
    },
    "node_modules/has": {
      "version": "1.0.3",
      "license": "MIT",
      "dependencies": {
        "function-bind": "^1.1.1"
      },
      "engines": {
        "node": ">= 0.4.0"
      }
    },
    "node_modules/has-proto": {
      "version": "1.0.1",
      "license": "MIT",
      "engines": {
        "node": ">= 0.4"
      },
      "funding": {
        "url": "https://github.com/sponsors/ljharb"
      }
    },
    "node_modules/has-symbols": {
      "version": "1.0.3",
      "license": "MIT",
      "engines": {
        "node": ">= 0.4"
      },
      "funding": {
        "url": "https://github.com/sponsors/ljharb"
      }
    },
    "node_modules/http-errors": {
      "version": "2.0.0",
      "license": "MIT",
      "dependencies": {
        "depd": "2.0.0",
        "inherits": "2.0.4",
        "setprototypeof": "1.2.0",
        "statuses": "2.0.1",
        "toidentifier": "1.0.1"
      },
      "engines": {
        "node": ">= 0.8"
      }
    },
    "node_modules/iconv-lite": {
      "version": "0.4.24",
      "license": "MIT",
      "dependencies": {
        "safer-buffer": ">= 2.1.2 < 3"
      },
      "engines": {
        "node": ">=0.10.0"
      }
    },
    "node_modules/inflected": {
      "version": "1.1.7",
      "license": "MIT"
    },
    "node_modules/inflight": {
      "version": "1.0.6",
      "license": "ISC",
      "peer": true,
      "dependencies": {
        "once": "^1.3.0",
        "wrappy": "1"
      }
    },
    "node_modules/inherits": {
      "version": "2.0.4",
      "license": "ISC"
    },
    "node_modules/ipaddr.js": {
      "version": "1.9.1",
      "license": "MIT",
      "engines": {
        "node": ">= 0.10"
      }
    },
    "node_modules/is-binary-path": {
      "version": "2.1.0",
      "dev": true,
      "license": "MIT",
      "dependencies": {
        "binary-extensions": "^2.0.0"
      },
      "engines": {
        "node": ">=8"
      }
    },
    "node_modules/is-extglob": {
      "version": "2.1.1",
      "dev": true,
      "license": "MIT",
      "engines": {
        "node": ">=0.10.0"
      }
    },
    "node_modules/is-glob": {
      "version": "4.0.3",
      "dev": true,
      "license": "MIT",
      "dependencies": {
        "is-extglob": "^2.1.1"
      },
      "engines": {
        "node": ">=0.10.0"
      }
    },
    "node_modules/is-number": {
      "version": "7.0.0",
      "dev": true,
      "license": "MIT",
      "engines": {
        "node": ">=0.12.0"
      }
    },
    "node_modules/jsonapi-serializer": {
      "version": "3.6.9",
      "license": "MIT",
      "dependencies": {
        "inflected": "^1.1.6",
        "lodash": "^4.16.3"
      },
      "engines": {
        "node": ">=0.12"
      }
    },
    "node_modules/jsonfile": {
      "version": "6.1.0",
      "dev": true,
      "license": "MIT",
      "dependencies": {
        "universalify": "^2.0.0"
      },
      "optionalDependencies": {
        "graceful-fs": "^4.1.6"
      }
    },
    "node_modules/lit": {
      "version": "2.8.0",
      "license": "BSD-3-Clause",
      "peer": true,
      "dependencies": {
        "@lit/reactive-element": "^1.6.0",
        "lit-element": "^3.3.0",
        "lit-html": "^2.8.0"
      }
    },
    "node_modules/lit-element": {
      "version": "3.3.3",
      "license": "BSD-3-Clause",
      "peer": true,
      "dependencies": {
        "@lit-labs/ssr-dom-shim": "^1.1.0",
        "@lit/reactive-element": "^1.3.0",
        "lit-html": "^2.8.0"
      }
    },
    "node_modules/lit-html": {
      "version": "2.8.0",
      "license": "BSD-3-Clause",
      "peer": true,
      "dependencies": {
        "@types/trusted-types": "^2.0.2"
      }
    },
    "node_modules/lodash": {
      "version": "4.17.21",
      "license": "MIT"
    },
    "node_modules/media-typer": {
      "version": "0.3.0",
      "license": "MIT",
      "engines": {
        "node": ">= 0.6"
      }
    },
    "node_modules/merge-descriptors": {
      "version": "1.0.1",
      "license": "MIT"
    },
    "node_modules/merge2": {
      "version": "1.4.1",
      "dev": true,
      "license": "MIT",
      "engines": {
        "node": ">= 8"
      }
    },
    "node_modules/methods": {
      "version": "1.1.2",
      "license": "MIT",
      "engines": {
        "node": ">= 0.6"
      }
    },
    "node_modules/micromatch": {
      "version": "4.0.5",
      "dev": true,
      "license": "MIT",
      "dependencies": {
        "braces": "^3.0.2",
        "picomatch": "^2.3.1"
      },
      "engines": {
        "node": ">=8.6"
      }
    },
    "node_modules/mime": {
      "version": "1.6.0",
      "license": "MIT",
      "bin": {
        "mime": "cli.js"
      },
      "engines": {
        "node": ">=4"
      }
    },
    "node_modules/mime-db": {
      "version": "1.52.0",
      "license": "MIT",
      "engines": {
        "node": ">= 0.6"
      }
    },
    "node_modules/mime-types": {
      "version": "2.1.35",
      "license": "MIT",
      "dependencies": {
        "mime-db": "1.52.0"
      },
      "engines": {
        "node": ">= 0.6"
      }
    },
    "node_modules/minimatch": {
      "version": "3.1.2",
      "license": "ISC",
      "peer": true,
      "dependencies": {
        "brace-expansion": "^1.1.7"
      },
      "engines": {
        "node": "*"
      }
    },
    "node_modules/minimist": {
      "version": "1.2.8",
      "license": "MIT",
      "peer": true,
      "funding": {
        "url": "https://github.com/sponsors/ljharb"
      }
    },
    "node_modules/mkdirp": {
      "version": "0.5.5",
      "license": "MIT",
      "peer": true,
      "dependencies": {
        "minimist": "^1.2.5"
      },
      "bin": {
        "mkdirp": "bin/cmd.js"
      }
    },
    "node_modules/ms": {
      "version": "2.0.0",
      "license": "MIT"
    },
    "node_modules/nanoid": {
      "version": "3.3.6",
      "dev": true,
      "funding": [
        {
          "type": "github",
          "url": "https://github.com/sponsors/ai"
        }
      ],
      "license": "MIT",
      "bin": {
        "nanoid": "bin/nanoid.cjs"
      },
      "engines": {
        "node": "^10 || ^12 || ^13.7 || ^14 || >=15.0.1"
      }
    },
    "node_modules/negotiator": {
      "version": "0.6.3",
      "license": "MIT",
      "engines": {
        "node": ">= 0.6"
      }
    },
    "node_modules/node-domexception": {
      "version": "1.0.0",
      "funding": [
        {
          "type": "github",
          "url": "https://github.com/sponsors/jimmywarting"
        },
        {
          "type": "github",
          "url": "https://paypal.me/jimmywarting"
        }
      ],
      "license": "MIT",
      "peer": true,
      "engines": {
        "node": ">=10.5.0"
      }
    },
    "node_modules/node-fetch": {
      "version": "3.3.2",
      "license": "MIT",
      "peer": true,
      "dependencies": {
        "data-uri-to-buffer": "^4.0.0",
        "fetch-blob": "^3.1.4",
        "formdata-polyfill": "^4.0.10"
      },
      "engines": {
        "node": "^12.20.0 || ^14.13.1 || >=16.0.0"
      },
      "funding": {
        "type": "opencollective",
        "url": "https://opencollective.com/node-fetch"
      }
    },
    "node_modules/nopt": {
      "version": "3.0.6",
      "license": "ISC",
      "peer": true,
      "dependencies": {
        "abbrev": "1"
      },
      "bin": {
        "nopt": "bin/nopt.js"
      }
    },
    "node_modules/normalize-path": {
      "version": "3.0.0",
      "dev": true,
      "license": "MIT",
      "engines": {
        "node": ">=0.10.0"
      }
    },
    "node_modules/oauth4webapi": {
      "version": "2.3.0",
      "license": "MIT",
      "funding": {
        "url": "https://github.com/sponsors/panva"
      }
    },
    "node_modules/object-inspect": {
      "version": "1.12.3",
      "license": "MIT",
      "funding": {
        "url": "https://github.com/sponsors/ljharb"
      }
    },
    "node_modules/on-finished": {
      "version": "2.4.1",
      "license": "MIT",
      "dependencies": {
        "ee-first": "1.1.1"
      },
      "engines": {
        "node": ">= 0.8"
      }
    },
    "node_modules/once": {
      "version": "1.4.0",
      "license": "ISC",
      "peer": true,
      "dependencies": {
        "wrappy": "1"
      }
    },
    "node_modules/parse5": {
      "version": "7.1.2",
      "license": "MIT",
      "peer": true,
      "dependencies": {
        "entities": "^4.4.0"
      },
      "funding": {
        "url": "https://github.com/inikulin/parse5?sponsor=1"
      }
    },
    "node_modules/parseurl": {
      "version": "1.3.3",
      "license": "MIT",
      "engines": {
        "node": ">= 0.8"
      }
    },
    "node_modules/path-is-absolute": {
      "version": "1.0.1",
      "license": "MIT",
      "peer": true,
      "engines": {
        "node": ">=0.10.0"
      }
    },
    "node_modules/path-to-regexp": {
      "version": "0.1.7",
      "license": "MIT"
    },
    "node_modules/pend": {
      "version": "1.2.0",
      "license": "MIT",
      "peer": true
    },
    "node_modules/picocolors": {
      "version": "1.0.0",
      "dev": true,
      "license": "ISC"
    },
    "node_modules/picomatch": {
      "version": "2.3.1",
      "dev": true,
      "license": "MIT",
      "engines": {
        "node": ">=8.6"
      },
      "funding": {
        "url": "https://github.com/sponsors/jonschlinkert"
      }
    },
    "node_modules/postcss": {
      "version": "8.4.30",
      "dev": true,
      "funding": [
        {
          "type": "opencollective",
          "url": "https://opencollective.com/postcss/"
        },
        {
          "type": "tidelift",
          "url": "https://tidelift.com/funding/github/npm/postcss"
        },
        {
          "type": "github",
          "url": "https://github.com/sponsors/ai"
        }
      ],
      "license": "MIT",
      "dependencies": {
        "nanoid": "^3.3.6",
        "picocolors": "^1.0.0",
        "source-map-js": "^1.0.2"
      },
      "engines": {
        "node": "^10 || ^12 || >=14"
      }
    },
    "node_modules/proxy-addr": {
      "version": "2.0.7",
      "license": "MIT",
      "dependencies": {
        "forwarded": "0.2.0",
        "ipaddr.js": "1.9.1"
      },
      "engines": {
        "node": ">= 0.10"
      }
    },
    "node_modules/q": {
      "version": "1.0.1",
      "license": "MIT",
      "peer": true,
      "engines": {
        "node": ">=0.6.0",
        "teleport": ">=0.2.0"
      }
    },
    "node_modules/qs": {
      "version": "6.11.0",
      "license": "BSD-3-Clause",
      "dependencies": {
        "side-channel": "^1.0.4"
      },
      "engines": {
        "node": ">=0.6"
      },
      "funding": {
        "url": "https://github.com/sponsors/ljharb"
      }
    },
    "node_modules/queue-microtask": {
      "version": "1.2.3",
      "dev": true,
      "funding": [
        {
          "type": "github",
          "url": "https://github.com/sponsors/feross"
        },
        {
          "type": "patreon",
          "url": "https://www.patreon.com/feross"
        },
        {
          "type": "consulting",
          "url": "https://feross.org/support"
        }
      ],
      "license": "MIT"
    },
    "node_modules/range-parser": {
      "version": "1.2.1",
      "license": "MIT",
      "engines": {
        "node": ">= 0.6"
      }
    },
    "node_modules/raw-body": {
      "version": "2.5.1",
      "license": "MIT",
      "dependencies": {
        "bytes": "3.1.2",
        "http-errors": "2.0.0",
        "iconv-lite": "0.4.24",
        "unpipe": "1.0.0"
      },
      "engines": {
        "node": ">= 0.8"
      }
    },
    "node_modules/readdirp": {
      "version": "3.6.0",
      "dev": true,
      "license": "MIT",
      "dependencies": {
        "picomatch": "^2.2.1"
      },
      "engines": {
        "node": ">=8.10.0"
      }
    },
    "node_modules/reusify": {
      "version": "1.0.4",
      "dev": true,
      "license": "MIT",
      "engines": {
        "iojs": ">=1.0.0",
        "node": ">=0.10.0"
      }
    },
    "node_modules/rollup": {
      "version": "3.29.2",
      "dev": true,
      "license": "MIT",
      "bin": {
        "rollup": "dist/bin/rollup"
      },
      "engines": {
        "node": ">=14.18.0",
        "npm": ">=8.0.0"
      },
      "optionalDependencies": {
        "fsevents": "~2.3.2"
      }
    },
    "node_modules/run-parallel": {
      "version": "1.2.0",
      "dev": true,
      "funding": [
        {
          "type": "github",
          "url": "https://github.com/sponsors/feross"
        },
        {
          "type": "patreon",
          "url": "https://www.patreon.com/feross"
        },
        {
          "type": "consulting",
          "url": "https://feross.org/support"
        }
      ],
      "license": "MIT",
      "dependencies": {
        "queue-microtask": "^1.2.2"
      }
    },
    "node_modules/rxjs": {
      "version": "7.5.6",
      "license": "Apache-2.0",
      "peer": true,
      "dependencies": {
        "tslib": "^2.1.0"
      }
    },
    "node_modules/safe-buffer": {
      "version": "5.2.1",
      "funding": [
        {
          "type": "github",
          "url": "https://github.com/sponsors/feross"
        },
        {
          "type": "patreon",
          "url": "https://www.patreon.com/feross"
        },
        {
          "type": "consulting",
          "url": "https://feross.org/support"
        }
      ],
      "license": "MIT"
    },
    "node_modules/safer-buffer": {
      "version": "2.1.2",
      "license": "MIT"
    },
    "node_modules/send": {
      "version": "0.18.0",
      "license": "MIT",
      "dependencies": {
        "debug": "2.6.9",
        "depd": "2.0.0",
        "destroy": "1.2.0",
        "encodeurl": "~1.0.2",
        "escape-html": "~1.0.3",
        "etag": "~1.8.1",
        "fresh": "0.5.2",
        "http-errors": "2.0.0",
        "mime": "1.6.0",
        "ms": "2.1.3",
        "on-finished": "2.4.1",
        "range-parser": "~1.2.1",
        "statuses": "2.0.1"
      },
      "engines": {
        "node": ">= 0.8.0"
      }
    },
    "node_modules/send/node_modules/ms": {
      "version": "2.1.3",
      "license": "MIT"
    },
    "node_modules/serve-static": {
      "version": "1.15.0",
      "license": "MIT",
      "dependencies": {
        "encodeurl": "~1.0.2",
        "escape-html": "~1.0.3",
        "parseurl": "~1.3.3",
        "send": "0.18.0"
      },
      "engines": {
        "node": ">= 0.8.0"
      }
    },
    "node_modules/setprototypeof": {
      "version": "1.2.0",
      "license": "ISC"
    },
    "node_modules/side-channel": {
      "version": "1.0.4",
      "license": "MIT",
      "dependencies": {
        "call-bind": "^1.0.0",
        "get-intrinsic": "^1.0.2",
        "object-inspect": "^1.9.0"
      },
      "funding": {
        "url": "https://github.com/sponsors/ljharb"
      }
    },
    "node_modules/source-map-js": {
      "version": "1.0.2",
      "dev": true,
      "license": "BSD-3-Clause",
      "engines": {
        "node": ">=0.10.0"
      }
    },
    "node_modules/statuses": {
      "version": "2.0.1",
      "license": "MIT",
      "engines": {
        "node": ">= 0.8"
      }
    },
    "node_modules/tapable": {
      "version": "2.2.1",
      "license": "MIT",
      "peer": true,
      "engines": {
        "node": ">=6"
      }
    },
    "node_modules/to-regex-range": {
      "version": "5.0.1",
      "dev": true,
      "license": "MIT",
      "dependencies": {
        "is-number": "^7.0.0"
      },
      "engines": {
        "node": ">=8.0"
      }
    },
    "node_modules/toidentifier": {
      "version": "1.0.1",
      "license": "MIT",
      "engines": {
        "node": ">=0.6"
      }
    },
    "node_modules/tslib": {
      "version": "2.6.2",
      "license": "0BSD",
      "peer": true
    },
    "node_modules/type-is": {
      "version": "1.6.18",
      "license": "MIT",
      "dependencies": {
        "media-typer": "0.3.0",
        "mime-types": "~2.1.24"
      },
      "engines": {
        "node": ">= 0.6"
      }
    },
    "node_modules/universalify": {
      "version": "2.0.0",
      "dev": true,
      "license": "MIT",
      "engines": {
        "node": ">= 10.0.0"
      }
    },
    "node_modules/unpipe": {
      "version": "1.0.0",
      "license": "MIT",
      "engines": {
        "node": ">= 0.8"
      }
    },
    "node_modules/url-join": {
      "version": "5.0.0",
      "license": "MIT",
      "engines": {
        "node": "^12.20.0 || ^14.13.1 || >=16.0.0"
      }
    },
    "node_modules/urlpattern-polyfill": {
      "version": "4.0.3",
      "license": "MIT",
      "peer": true
    },
    "node_modules/utils-merge": {
      "version": "1.0.1",
      "license": "MIT",
      "engines": {
        "node": ">= 0.4.0"
      }
    },
    "node_modules/vary": {
      "version": "1.1.2",
      "license": "MIT",
      "engines": {
        "node": ">= 0.8"
      }
    },
    "node_modules/vite": {
      "version": "4.4.9",
      "dev": true,
      "license": "MIT",
      "dependencies": {
        "esbuild": "^0.18.10",
        "postcss": "^8.4.27",
        "rollup": "^3.27.1"
      },
      "bin": {
        "vite": "bin/vite.js"
      },
      "engines": {
        "node": "^14.18.0 || >=16.0.0"
      },
      "funding": {
        "url": "https://github.com/vitejs/vite?sponsor=1"
      },
      "optionalDependencies": {
        "fsevents": "~2.3.2"
      },
      "peerDependencies": {
        "@types/node": ">= 14",
        "less": "*",
        "lightningcss": "^1.21.0",
        "sass": "*",
        "stylus": "*",
        "sugarss": "*",
        "terser": "^5.4.0"
      },
      "peerDependenciesMeta": {
        "@types/node": {
          "optional": true
        },
        "less": {
          "optional": true
        },
        "lightningcss": {
          "optional": true
        },
        "sass": {
          "optional": true
        },
        "stylus": {
          "optional": true
        },
        "sugarss": {
          "optional": true
        },
        "terser": {
          "optional": true
        }
      }
    },
    "node_modules/vite-plugin-static-copy": {
      "version": "0.13.1",
      "dev": true,
      "license": "MIT",
      "dependencies": {
        "chokidar": "^3.5.3",
        "fast-glob": "^3.2.11",
        "fs-extra": "^11.1.0",
        "picocolors": "^1.0.0"
      },
      "engines": {
        "node": "^14.18.0 || >=16.0.0"
      },
      "peerDependencies": {
        "vite": "^3.0.0 || ^4.0.0"
      }
    },
    "node_modules/web-streams-polyfill": {
      "version": "3.2.1",
      "license": "MIT",
      "peer": true,
      "engines": {
        "node": ">= 8"
      }
    },
    "node_modules/workbox-core": {
      "version": "6.6.0",
      "license": "MIT"
    },
    "node_modules/workbox-precaching": {
      "version": "6.6.0",
      "license": "MIT",
      "dependencies": {
        "workbox-core": "6.6.0",
        "workbox-routing": "6.6.0",
        "workbox-strategies": "6.6.0"
      }
    },
    "node_modules/workbox-routing": {
      "version": "6.6.0",
      "license": "MIT",
      "dependencies": {
        "workbox-core": "6.6.0"
      }
    },
    "node_modules/workbox-strategies": {
      "version": "6.6.0",
      "license": "MIT",
      "dependencies": {
        "workbox-core": "6.6.0"
      }
    },
    "node_modules/wrappy": {
      "version": "1.0.2",
      "license": "ISC",
      "peer": true
    },
    "node_modules/yauzl": {
      "version": "2.10.0",
      "license": "MIT",
      "peer": true,
      "dependencies": {
        "buffer-crc32": "~0.2.3",
        "fd-slicer": "~1.1.0"
      }
    }
  }
}
